PODS:
  - Alamofire (4.9.1)
  - ALQRCode (1.0.0)
  - CocoaAsyncSocket (7.6.5)
  - DZNEmptyDataSet (1.8.1)
  - ESTabBarController-swift (2.8.0)
  - FMDB (2.7.5):
    - FMDB/standard (= 2.7.5)
  - FMDB/standard (2.7.5)
  - HandyJSON (5.0.2)
  - IQKeyboardManagerSwift (6.5.12)
  - JTChat (1.1.2):
    - ALQRCode
    - CocoaAsyncSocket
    - DZNEmptyDataSet
    - ESTabBarController-swift
    - FMDB
    - HandyJSON
    - IQKeyboardManagerSwift
    - JTVoiceConvert
    - KeychainSwift
    - Kingfisher
    - MJRefresh
    - Moya (~> 13.0.0)
    - RxCocoa
    - RxSwift
    - SnapKit (~> 4.0.0)
    - SVProgressHUD
    - YPImagePicker
  - JTVoiceConvert (0.2.2)
  - KeychainSwift (20.0.0)
  - Kingfisher (6.3.1)
  - MJRefresh (3.7.5)
  - Moya (13.0.1):
    - Moya/Core (= 13.0.1)
  - Moya/Core (13.0.1):
    - Alamofire (~> 4.1)
    - Result (~> 4.1)
  - PryntTrimmerView (4.0.2)
  - Result (4.1.0)
  - RxCocoa (6.5.0):
    - RxRelay (= 6.5.0)
    - RxSwift (= 6.5.0)
  - RxRelay (6.5.0):
    - RxSwift (= 6.5.0)
  - RxSwift (6.5.0)
  - SnapKit (4.0.1)
  - SteviaLayout (4.7.3)
  - SVProgressHUD (2.2.5)
  - YPImagePicker (4.5.0):
    - PryntTrimmerView (~> 4.0.2)
    - SteviaLayout (~> 4.7.3)

DEPENDENCIES:
  - JTChat (from `../`)

SPEC REPOS:
  trunk:
    - Alamofire
    - ALQRCode
    - CocoaAsyncSocket
    - DZNEmptyDataSet
    - ESTabBarController-swift
    - FMDB
    - HandyJSON
    - IQKeyboardManagerSwift
    - JTVoiceConvert
    - KeychainSwift
    - Kingfisher
    - MJRefresh
    - Moya
    - PryntTrimmerView
    - Result
    - RxCocoa
    - RxRelay
    - RxSwift
    - SnapKit
    - SteviaLayout
    - SVProgressHUD
    - YPImagePicker

EXTERNAL SOURCES:
  JTChat:
    :path: "../"

SPEC CHECKSUMS:
  Alamofire: 85e8a02c69d6020a0d734f6054870d7ecb75cf18
  ALQRCode: 5826079a88b8fc35e7c0638fd5ab3167ec5228f9
  CocoaAsyncSocket: 065fd1e645c7abab64f7a6a2007a48038fdc6a99
  DZNEmptyDataSet: 9525833b9e68ac21c30253e1d3d7076cc828eaa7
  ESTabBarController-swift: 05593a6ad64700b03c0eb60ff625916370aa4136
  FMDB: 2ce00b547f966261cd18927a3ddb07cb6f3db82a
  HandyJSON: 9e4e236f5d2dbefad5155a77417bbea438201c03
  IQKeyboardManagerSwift: 371b08cb39664fb56030f5345c815a4ffc74bbc0
  JTChat: eed7af0442feb6050c8416c6bf10e413ec3f3fa3
  JTVoiceConvert: fa6db09d629e234fcc9fefe5974a9cf15b260c2d
  KeychainSwift: 0ce6a4d13f7228054d1a71bb1b500448fb2ab837
  Kingfisher: 016c8b653a35add51dd34a3aba36b580041acc74
  MJRefresh: fdf5e979eb406a0341468932d1dfc8b7f9fce961
  Moya: f4a4b80ff2f8a4ffc208dfb31cd91636622fee6e
  PryntTrimmerView: 6a43cc90df5d99addeabd33d4ba09b1365322130
  Result: bd966fac789cc6c1563440b348ab2598cc24d5c7
  RxCocoa: 94f817b71c07517321eb4f9ad299112ca8af743b
  RxRelay: 1de1523e604c72b6c68feadedd1af3b1b4d0ecbd
  RxSwift: 5710a9e6b17f3c3d6e40d6e559b9fa1e813b2ef8
  SnapKit: 0de968a9fec17499afa29683b05d0c775b6d1c29
  SteviaLayout: c2ecdcff57d44e38fd2f65e54ad52aeae28ca0c4
  SVProgressHUD: 1428aafac632c1f86f62aa4243ec12008d7a51d6
  YPImagePicker: 6f410f475bd22fa8cd430495b54d4b2f15865c2d

PODFILE CHECKSUM: 1fa63bc2d129cdba6f306de3a2dbd2fdb0be97a5

COCOAPODS: 1.11.3
