PODS:
  - Alamofire (4.9.1)
  - ALQRCode (1.0.0)
  - CocoaAsyncSocket (7.6.5)
  - DZNEmptyDataSet (1.8.1)
  - ESTabBarController-swift (2.8.0)
  - FBSnapshotTestCase (2.1.4):
    - FBSnapshotTestCase/SwiftSupport (= 2.1.4)
  - FBSnapshotTestCase/Core (2.1.4)
  - FBSnapshotTestCase/SwiftSupport (2.1.4):
    - FBSnapshotTestCase/Core
  - FMDB (2.7.5):
    - FMDB/standard (= 2.7.5)
  - FMDB/standard (2.7.5)
  - HandyJSON (5.0.2)
  - IQKeyboardManagerSwift (6.5.6)
  - JTChat (0.8.7):
    - ALQRCode
    - CocoaAsyncSocket
    - DZNEmptyDataSet (~> 1.8.1)
    - ESTabBarController-swift
    - FMDB
    - HandyJSON
    - IQKeyboardManagerSwift
    - JTVoiceConvert
    - KeychainSwift (~> 18.0.0)
    - Kingfisher
    - MJRefresh
    - Moya (~> 13.0.0)
    - RxCocoa
    - RxSwift
    - SnapKit (~> 4.0.0)
    - SVProgressHUD
    - YPImagePicker
  - JTVoiceConvert (0.2.0)
  - KeychainSwift (18.0.0)
  - Kingfisher (6.1.1)
  - MJRefresh (3.5.0)
  - Moya (13.0.1):
    - Moya/Core (= 13.0.1)
  - Moya/Core (13.0.1):
    - Alamofire (~> 4.1)
    - Result (~> 4.1)
  - Nimble (7.3.4)
  - Nimble-Snapshots (6.3.0):
    - Nimble-Snapshots/Core (= 6.3.0)
  - Nimble-Snapshots/Core (6.3.0):
    - FBSnapshotTestCase (~> 2.0)
    - Nimble (~> 7.0)
  - PryntTrimmerView (4.0.2)
  - Quick (1.2.0)
  - Result (4.1.0)
  - RxCocoa (6.1.0):
    - RxRelay (= 6.1.0)
    - RxSwift (= 6.1.0)
  - RxRelay (6.1.0):
    - RxSwift (= 6.1.0)
  - RxSwift (6.1.0)
  - SnapKit (4.0.1)
  - SteviaLayout (4.7.3)
  - SVProgressHUD (2.2.5)
  - YPImagePicker (4.4.0):
    - PryntTrimmerView (~> 4.0.2)
    - SteviaLayout (~> 4.7.3)

DEPENDENCIES:
  - FBSnapshotTestCase (~> 2.1.4)
  - JTChat (from `../`)
  - Nimble (~> 7.0)
  - Nimble-Snapshots (~> 6.3.0)
  - Quick (~> 1.2.0)

SPEC REPOS:
  trunk:
    - Alamofire
    - ALQRCode
    - CocoaAsyncSocket
    - DZNEmptyDataSet
    - ESTabBarController-swift
    - FBSnapshotTestCase
    - FMDB
    - HandyJSON
    - IQKeyboardManagerSwift
    - JTVoiceConvert
    - KeychainSwift
    - Kingfisher
    - MJRefresh
    - Moya
    - Nimble
    - Nimble-Snapshots
    - PryntTrimmerView
    - Quick
    - Result
    - RxCocoa
    - RxRelay
    - RxSwift
    - SnapKit
    - SteviaLayout
    - SVProgressHUD
    - YPImagePicker

EXTERNAL SOURCES:
  JTChat:
    :path: "../"

SPEC CHECKSUMS:
  Alamofire: 85e8a02c69d6020a0d734f6054870d7ecb75cf18
  ALQRCode: 5826079a88b8fc35e7c0638fd5ab3167ec5228f9
  CocoaAsyncSocket: 065fd1e645c7abab64f7a6a2007a48038fdc6a99
  DZNEmptyDataSet: 9525833b9e68ac21c30253e1d3d7076cc828eaa7
  ESTabBarController-swift: 05593a6ad64700b03c0eb60ff625916370aa4136
  FBSnapshotTestCase: 094f9f314decbabe373b87cc339bea235a63e07a
  FMDB: 2ce00b547f966261cd18927a3ddb07cb6f3db82a
  HandyJSON: 9e4e236f5d2dbefad5155a77417bbea438201c03
  IQKeyboardManagerSwift: c7df9d2deb356c04522f5c4b7b6e4ce4d8ed94fe
  JTChat: bee0a62976e567ce7d33fc6e5c35e1d947b02dd3
  JTVoiceConvert: 27f535ef93d233b219f2314c00c43e0ac1963391
  KeychainSwift: c46e1438d121e47459fb304ac88c5e058a2a91ed
  Kingfisher: 676d63307fbef6ed5d5ed400bff36983480d7500
  MJRefresh: 6afc955813966afb08305477dd7a0d9ad5e79a16
  Moya: f4a4b80ff2f8a4ffc208dfb31cd91636622fee6e
  Nimble: 051e3d8912d40138fa5591c78594f95fb172af37
  Nimble-Snapshots: f5459b5b091678dc942d03ec4741cacb58ba4a52
  PryntTrimmerView: 6a43cc90df5d99addeabd33d4ba09b1365322130
  Quick: 58d203b1c5e27fff7229c4c1ae445ad7069a7a08
  Result: bd966fac789cc6c1563440b348ab2598cc24d5c7
  RxCocoa: 5c51f02d562cbd94629f6c26cf0c80fe4ab8d343
  RxRelay: 483e1a19fad961b41f0b0c0bee506f46c1ae14fe
  RxSwift: a834e5c538e89eca0cae86f403f4fbf0336786ce
  SnapKit: 0de968a9fec17499afa29683b05d0c775b6d1c29
  SteviaLayout: c2ecdcff57d44e38fd2f65e54ad52aeae28ca0c4
  SVProgressHUD: 1428aafac632c1f86f62aa4243ec12008d7a51d6
  YPImagePicker: 15aed8bcaa4dad976e11b6114126d731a2f9f3c9

PODFILE CHECKSUM: 481aa88242888c51864b90d6718a618d4abbc885

COCOAPODS: 1.9.3
