PODS:
  - Alamofire (4.9.1)
  - ALQRCode (1.0.0)
  - CocoaAsyncSocket (7.6.5)
  - DZNEmptyDataSet (1.8.1)
  - ESTabBarController-swift (2.8.0)
  - FMDB (2.7.5):
    - FMDB/standard (= 2.7.5)
  - FMDB/standard (2.7.5)
  - HandyJSON (5.0.2)
  - IQKeyboardManagerSwift (6.5.6)
  - JTChat (1.0.4):
    - ALQRCode
    - CocoaAsyncSocket
    - DZNEmptyDataSet (~> 1.8.1)
    - ESTabBarController-swift
    - FMDB
    - HandyJSON
    - IQKeyboardManagerSwift
    - JTVoiceConvert
    - KeychainSwift (~> 18.0.0)
    - Kingfisher
    - MJRefresh
    - Moya (~> 13.0.0)
    - RxCocoa
    - RxSwift
    - SnapKit (~> 4.0.0)
    - SVProgressHUD
    - YPImagePicker
  - JTVoiceConvert (0.2.2)
  - KeychainSwift (18.0.0)
  - Kingfisher (6.3.1)
  - MJRefresh (3.7.2)
  - Moya (13.0.1):
    - Moya/Core (= 13.0.1)
  - Moya/Core (13.0.1):
    - Alamofire (~> 4.1)
    - Result (~> 4.1)
  - PryntTrimmerView (4.0.2)
  - Result (4.1.0)
  - RxCocoa (6.2.0):
    - RxRelay (= 6.2.0)
    - RxSwift (= 6.2.0)
  - RxRelay (6.2.0):
    - RxSwift (= 6.2.0)
  - RxSwift (6.2.0)
  - SnapKit (4.0.1)
  - SteviaLayout (4.7.3)
  - SVProgressHUD (2.2.5)
  - YPImagePicker (4.5.0):
    - PryntTrimmerView (~> 4.0.2)
    - SteviaLayout (~> 4.7.3)

DEPENDENCIES:
  - JTChat (from `../`)

SPEC REPOS:
  trunk:
    - Alamofire
    - ALQRCode
    - CocoaAsyncSocket
    - DZNEmptyDataSet
    - ESTabBarController-swift
    - FMDB
    - HandyJSON
    - IQKeyboardManagerSwift
    - JTVoiceConvert
    - KeychainSwift
    - Kingfisher
    - MJRefresh
    - Moya
    - PryntTrimmerView
    - Result
    - RxCocoa
    - RxRelay
    - RxSwift
    - SnapKit
    - SteviaLayout
    - SVProgressHUD
    - YPImagePicker

EXTERNAL SOURCES:
  JTChat:
    :path: "../"

SPEC CHECKSUMS:
  Alamofire: 85e8a02c69d6020a0d734f6054870d7ecb75cf18
  ALQRCode: 5826079a88b8fc35e7c0638fd5ab3167ec5228f9
  CocoaAsyncSocket: 065fd1e645c7abab64f7a6a2007a48038fdc6a99
  DZNEmptyDataSet: 9525833b9e68ac21c30253e1d3d7076cc828eaa7
  ESTabBarController-swift: 05593a6ad64700b03c0eb60ff625916370aa4136
  FMDB: 2ce00b547f966261cd18927a3ddb07cb6f3db82a
  HandyJSON: 9e4e236f5d2dbefad5155a77417bbea438201c03
  IQKeyboardManagerSwift: c7df9d2deb356c04522f5c4b7b6e4ce4d8ed94fe
  JTChat: eca4ca34b7830ab146da5911d7def97c40d241c7
  JTVoiceConvert: fa6db09d629e234fcc9fefe5974a9cf15b260c2d
  KeychainSwift: c46e1438d121e47459fb304ac88c5e058a2a91ed
  Kingfisher: 016c8b653a35add51dd34a3aba36b580041acc74
  MJRefresh: 30997d30b347c8e9508a4db11e3a690da0c9b85a
  Moya: f4a4b80ff2f8a4ffc208dfb31cd91636622fee6e
  PryntTrimmerView: 6a43cc90df5d99addeabd33d4ba09b1365322130
  Result: bd966fac789cc6c1563440b348ab2598cc24d5c7
  RxCocoa: 4baf94bb35f2c0ab31bc0cb9f1900155f646ba42
  RxRelay: e72dbfd157807478401ef1982e1c61c945c94b2f
  RxSwift: d356ab7bee873611322f134c5f9ef379fa183d8f
  SnapKit: 0de968a9fec17499afa29683b05d0c775b6d1c29
  SteviaLayout: c2ecdcff57d44e38fd2f65e54ad52aeae28ca0c4
  SVProgressHUD: 1428aafac632c1f86f62aa4243ec12008d7a51d6
  YPImagePicker: 6f410f475bd22fa8cd430495b54d4b2f15865c2d

PODFILE CHECKSUM: 11fa637f8187f7482b52b78e6669e39b001dbf51

COCOAPODS: 1.10.1
